version = 1
revision = 3
requires-python = "==3.11.*"

[[package]]
name = "colorama"
version = "0.4.6"
source = { registry = "https://pypi.org/simple" }
sdist = { url = "https://files.pythonhosted.org/packages/d8/53/6f443c9a4a8358a93a6792e2acffb9d9d5cb0a5cfd8802644b7b1c9a02e4/colorama-0.4.6.tar.gz", hash = "sha256:08695f5cb7ed6e0531a20572697297273c47b8cae5a63ffc6d6ed5c201be6e44", size = 27697, upload-time = "2022-10-25T02:36:22.414Z" }
wheels = [
    { url = "https://files.pythonhosted.org/packages/d1/d6/3965ed04c63042e047cb6a3e6ed1a63a35087b6a609aa3a15ed8ac56c221/colorama-0.4.6-py2.py3-none-any.whl", hash = "sha256:4f1d9991f5acc0ca119f9d443620b77f9d6b33703e51011c16baf57afb285fc6", size = 25335, upload-time = "2022-10-25T02:36:20.889Z" },
]

[[package]]
name = "iniconfig"
version = "2.3.0"
source = { registry = "https://pypi.org/simple" }
sdist = { url = "https://files.pythonhosted.org/packages/72/34/14ca021ce8e5dfedc35312d08ba8bf51fdd999c576889fc2c24cb97f4f10/iniconfig-2.3.0.tar.gz", hash = "sha256:c76315c77db068650d49c5b56314774a7804df16fee4402c1f19d6d15d8c4730", size = 20503, upload-time = "2025-10-18T21:55:43.219Z" }
wheels = [
    { url = "https://files.pythonhosted.org/packages/cb/b1/3846dd7f199d53cb17f49cba7e651e9ce294d8497c8c150530ed11865bb8/iniconfig-2.3.0-py3-none-any.whl", hash = "sha256:f631c04d2c48c52b84d0d0549c99ff3859c98df65b3101406327ecc7d53fbf12", size = 7484, upload-time = "2025-10-18T21:55:41.639Z" },
]

[[package]]
name = "numpy"
version = "2.4.6"
source = { registry = "https://pypi.org/simple" }
sdist = { url = "https://files.pythonhosted.org/packages/d0/ad/fed0499ce6a338d2a03ebae59cd15093910c8875328855781952abf6c2fe/numpy-2.4.6.tar.gz", hash = "sha256:f3a3570c4a2a16746ac2c31a7c7c7b0c186b95ce902e33db6f28094ed7387dda", size = 20735807, upload-time = "2026-05-18T23:37:14.07Z" }
wheels = [
    { url = "https://files.pythonhosted.org/packages/b3/49/ec46835a70be8fa6446c495126ac84fdb28cb2558e1620ffb87a10c8b64c/numpy-2.4.6-cp311-cp311-macosx_10_9_x86_64.whl", hash = "sha256:0280e0356c0829a18d9de1cb7eee50ec22ca639878d7240307ca0943d73cd2c4", size = 16969194, upload-time = "2026-05-18T23:33:13.503Z" },
    { url = "https://files.pythonhosted.org/packages/0e/0d/f5957185c0ee2f3e12f78715aa9e3b353fd83633316c8532b38faa37e3f6/numpy-2.4.6-cp311-cp311-macosx_11_0_arm64.whl", hash = "sha256:110f8b71aacb688ec69062bb7f6938a0f8acb01b7c1c4beb453c65b6d234584d", size = 14964111, upload-time = "2026-05-18T23:33:17.795Z" },
    { url = "https://files.pythonhosted.org/packages/ad/40/40a40ee0ddf7ceb782c49af278894b686e586d65d8c1889c8b5da01a3d7d/numpy-2.4.6-cp311-cp311-macosx_14_0_arm64.whl", hash = "sha256:4cfe66903cc32a9921a6733d96b19bb6abf310397581bbad89c228f5abaf0ee8", size = 5469159, upload-time = "2026-05-18T23:33:20.654Z" },
    { url = "https://files.pythonhosted.org/packages/63/13/f9a8046535cb21deae82f8d03de9617e08882d274fad2539630761888228/numpy-2.4.6-cp311-cp311-macosx_14_0_x86_64.whl", hash = "sha256:8155154c7c691289fe18f510b5d4657c68c67989f293f0535a91360392ff6538", size = 6798936, upload-time = "2026-05-18T23:33:22.987Z" },
    { url = "https://files.pythonhosted.org/packages/33/a8/6fa8c1a345a8c85dbb21932c447bee07c30a2c2a3f31e369c0a84b300147/numpy-2.4.6-cp311-cp311-manylinux_2_27_aarch64.manylinux_2_28_aarch64.whl", hash = "sha256:0ab0a9c4ffb1a6d95ef519fe4247dba8eb6b18ad93999f76b7f657039acabd47", size = 15966692, upload-time = "2026-05-18T23:33:26.62Z" },
    { url = "https://files.pythonhosted.org/packages/02/03/74fe2a4cb3817d94d86402f2506554130a2f01414e299b5a843e5a8a957f/numpy-2.4.6-cp311-cp311-manylinux_2_27_x86_64.manylinux_2_28_x86_64.whl", hash = "sha256:89cd468399cfd2504718f0ba50e410dca55a170b61a02ad92bb18c8a65186e93", size = 16918164, upload-time = "2026-05-18T23:33:29.955Z" },
    { url = "https://files.pythonhosted.org/packages/c5/80/3615be3313f7e7696609bc194b9f0101da809df79e859bdb84e0cd043f46/numpy-2.4.6-cp311-cp311-musllinux_1_2_aarch64.whl", hash = "sha256:c2d37ab77531417474168eb79d6d80b14f821a966818505d03013d0833edb7a8", size = 17322877, upload-time = "2026-05-18T23:33:34.724Z" },
    { url = "https://files.pythonhosted.org/packages/ca/ac/a691e0fe2675e370d0e08ff905adc49a1c8830e8cae03efe4477e92cd55d/numpy-2.4.6-cp311-cp311-musllinux_1_2_x86_64.whl", hash = "sha256:f407cb6b8e9d6d8c626bc73c945db1706035af8fd632295547bf1c9e46d092d6", size = 18651487, upload-time = "2026-05-18T23:33:38.217Z" },
    { url = "https://files.pythonhosted.org/packages/15/a7/9bc1cd626d7bf6869bfedf27b91b6ab5dd607758bf8e959d6fa80c6a59cb/numpy-2.4.6-cp311-cp311-win32.whl", hash = "sha256:ddea102b48f9e339f3948bf22040944184627a30fdf7f858667673b9c5f033c8", size = 6233945, upload-time = "2026-05-18T23:33:41.331Z" },
    { url = "https://files.pythonhosted.org/packages/c5/31/7fc6239c12bce7e931463251cca4426c465e1876ba3cc785402ef4dd8f4e/numpy-2.4.6-cp311-cp311-win_amd64.whl", hash = "sha256:1e254a00cdf42b1e4d5b3d68d33af63268d41340d8885df2ab6470f2e1500147", size = 12608406, upload-time = "2026-05-18T23:33:44.131Z" },
    { url = "https://files.pythonhosted.org/packages/27/83/140f85a466595a16382996a1bf06b2b54bcd597488921b0c9daaeeda72af/numpy-2.4.6-cp311-cp311-win_arm64.whl", hash = "sha256:ed9749eef4cbd126da3dc1d6bcb3a57f5eb7ac6a6484146bdbf743f552dfc577", size = 10479528, upload-time = "2026-05-18T23:33:50.725Z" },
    { url = "https://files.pythonhosted.org/packages/de/12/b422cc84439adc0d00de605bf4a308890ae5c26f2c71fbd73e5d08fbb0dd/numpy-2.4.6-pp311-pypy311_pp73-macosx_10_15_x86_64.whl", hash = "sha256:55cced7c52e981362f708ad635198e97a752dfba412cc03c23bbf3bd8d5cd662", size = 16847511, upload-time = "2026-05-18T23:36:50.673Z" },
    { url = "https://files.pythonhosted.org/packages/44/53/f481bef68011740f8849418d82db07230e825013f31f4eef5ba5b805316a/numpy-2.4.6-pp311-pypy311_pp73-macosx_11_0_arm64.whl", hash = "sha256:d6da64deb6b8ed903e7560180a92f2d804ee1ba5eeb849ac2748b8c1aba1f6d7", size = 14889064, upload-time = "2026-05-18T23:36:53.879Z" },
    { url = "https://files.pythonhosted.org/packages/7f/57/42ed575c10ced8af951d426bc4e1f8aff16fd851db33f067036215a7f860/numpy-2.4.6-pp311-pypy311_pp73-macosx_14_0_arm64.whl", hash = "sha256:68a5124b13fa6cc2086764a20005d30bc0548146f7f5322f02fce212ca14317f", size = 5394157, upload-time = "2026-05-18T23:36:57.194Z" },
    { url = "https://files.pythonhosted.org/packages/6a/ef/f66cc724fcc36c1e364c67f51ae9146090b8b584f27d58b97fdae3edd737/numpy-2.4.6-pp311-pypy311_pp73-macosx_14_0_x86_64.whl", hash = "sha256:948424b06129ce883307e8cff868c31396d8dc7630a59c61d70d98dbe70f222c", size = 6708728, upload-time = "2026-05-18T23:36:59.575Z" },
    { url = "https://files.pythonhosted.org/packages/1a/9c/c531f2293b91265d8b48e9b329f54fdd7ffae73cb4134ea10cca4237e9cc/numpy-2.4.6-pp311-pypy311_pp73-manylinux_2_27_aarch64.manylinux_2_28_aarch64.whl", hash = "sha256:5dbbdb29840ca3d91ee0fece42fc29278886d908280bfec0a5846c6f901a3eb0", size = 15798374, upload-time = "2026-05-18T23:37:02.674Z" },
    { url = "https://files.pythonhosted.org/packages/1a/b0/413077f6b1153ed3cba361401c6783bbad6114804a000cc22eb71c13e190/numpy-2.4.6-pp311-pypy311_pp73-manylinux_2_27_x86_64.manylinux_2_28_x86_64.whl", hash = "sha256:8ad03c0965fb3c692200e74d458ca28c1dbb4ce96f9a479a8aa041ad5fabca02", size = 16747286, upload-time = "2026-05-18T23:37:06.327Z" },
    { url = "https://files.pythonhosted.org/packages/15/ce/e5ec180bc41812edcd8daeb8639d205622c0e8c02259d8ab25a0201b3c2a/numpy-2.4.6-pp311-pypy311_pp73-win_amd64.whl", hash = "sha256:2803abfebfc990042cd494d8ce2d5f82e9d847af6d35ec486923aa19dbad5e73", size = 12504263, upload-time = "2026-05-18T23:37:09.715Z" },
]

[[package]]
name = "openarm-sim-isaac-tests"
version = "0.1.0"
source = { virtual = "." }
dependencies = [
    { name = "numpy" },
    { name = "pyjson5" },
]

[package.dev-dependencies]
dev = [
    { name = "pycollada" },
    { name = "pytest" },
    { name = "usd-core", marker = "platform_machine == 'AMD64' or platform_machine == 'x86_64' or sys_platform == 'darwin'" },
]

[package.metadata]
requires-dist = [
    { name = "numpy", specifier = ">=1.26" },
    { name = "pyjson5", specifier = "==2.0.0" },
]

[package.metadata.requires-dev]
dev = [
    { name = "pycollada", specifier = "==0.9.3" },
    { name = "pytest", specifier = ">=8" },
    { name = "usd-core", marker = "platform_machine == 'AMD64' or platform_machine == 'x86_64' or sys_platform == 'darwin'", specifier = "==26.5" },
]

[[package]]
name = "packaging"
version = "26.3"
source = { registry = "https://pypi.org/simple" }
sdist = { url = "https://files.pythonhosted.org/packages/7d/fa/3944b40b07da9ce895c0e6303a5ab7d53da063554f534556b134a54d6093/packaging-26.3.tar.gz", hash = "sha256:94edc256424af38762eb31306eed28beb9f0efc50a8837492c9d6fd6004aed79", size = 313412, upload-time = "2026-08-04T18:15:28.737Z" }
wheels = [
    { url = "https://files.pythonhosted.org/packages/63/34/ba1c580383c9eada3711951fef0795c80b829a078d72188184bcab9dd527/packaging-26.3-py3-none-any.whl", hash = "sha256:d7193f7c8e4e93f444fde0262bf90af30e16fa0ad0ad44cb553c87339b23cd1c", size = 129956, upload-time = "2026-08-04T18:15:27.159Z" },
]

[[package]]
name = "pluggy"
version = "1.6.0"
source = { registry = "https://pypi.org/simple" }
sdist = { url = "https://files.pythonhosted.org/packages/f9/e2/3e91f31a7d2b083fe6ef3fa267035b518369d9511ffab804f839851d2779/pluggy-1.6.0.tar.gz", hash = "sha256:7dcc130b76258d33b90f61b658791dede3486c3e6bfb003ee5c9bfb396dd22f3", size = 69412, upload-time = "2025-05-15T12:30:07.975Z" }
wheels = [
    { url = "https://files.pythonhosted.org/packages/54/20/4d324d65cc6d9205fabedc306948156824eb9f0ee1633355a8f7ec5c66bf/pluggy-1.6.0-py3-none-any.whl", hash = "sha256:e920276dd6813095e9377c0bc5566d94c932c33b27a3e3945d8389c374dd4746", size = 20538, upload-time = "2025-05-15T12:30:06.134Z" },
]

[[package]]
name = "pycollada"
version = "0.9.3"
source = { registry = "https://pypi.org/simple" }
dependencies = [
    { name = "numpy" },
    { name = "python-dateutil" },
]
sdist = { url = "https://files.pythonhosted.org/packages/5a/8d/52a5364a17eb96129962cae8d3ee7658775e085ad0ba38388684ad5944e9/pycollada-0.9.3.tar.gz", hash = "sha256:c34d6dcf0fe2eba5896f71c96d37a1c0fe1a61f08440fa0cfcec3dc2895d3302", size = 110826, upload-time = "2026-01-24T15:45:23.625Z" }
wheels = [
    { url = "https://files.pythonhosted.org/packages/07/86/f1f61b7a0701f9d1299e5293d083318019f91021a4d449f94d59dbe024e4/pycollada-0.9.3-py3-none-any.whl", hash = "sha256:636e6496f60987586db82455ea7bbd9ade775e8181c6590c83b698b6cd53a9f5", size = 129206, upload-time = "2026-01-24T15:45:22.182Z" },
]

[[package]]
name = "pygments"
version = "2.21.0"
source = { registry = "https://pypi.org/simple" }
sdist = { url = "https://files.pythonhosted.org/packages/49/2e/ced460408999b33da6b31b0021b0f37d329e202d4169aeb164493778f25b/pygments-2.21.0.tar.gz", hash = "sha256:610ca751c9bc2492b38eb9a38a7fbc93edbbb2d7182edaf34e66ae493dee5c8c", size = 5005329, upload-time = "2026-08-17T08:02:48.824Z" }
wheels = [
    { url = "https://files.pythonhosted.org/packages/71/46/17f022dd3e953bf20a04a028a21ec746d942f8d2af30fa0f124fa0e6a684/pygments-2.21.0-py3-none-any.whl", hash = "sha256:2363c69b61c4a97c838da3b130dcd6468f4848992b21a82f2a63ec34377137d9", size = 1250147, upload-time = "2026-08-17T08:02:44.912Z" },
]

[[package]]
name = "pyjson5"
version = "2.0.0"
source = { registry = "https://pypi.org/simple" }
sdist = { url = "https://files.pythonhosted.org/packages/6e/d9/005aaaf5077cde946282b22da9404965477fb140fa6836b52d2e0955a391/pyjson5-2.0.0.tar.gz", hash = "sha256:7ccc98586cf87dfeadfa76de8df4c9cb0c3d21d1b559e28812dd9633748d6e25", size = 305865, upload-time = "2025-10-02T00:23:02.154Z" }
wheels = [
    { url = "https://files.pythonhosted.org/packages/c2/2b/2cb73dba9ffeabd91d67577f5fc7fa67040eae6876c632214145893844da/pyjson5-2.0.0-cp311-cp311-macosx_10_9_universal2.whl", hash = "sha256:1e6870507311765249f6cb533d8d53e0c9b1837f2e1b0b2ba7825181bd980a48", size = 299572, upload-time = "2025-10-02T00:19:18.448Z" },
    { url = "https://files.pythonhosted.org/packages/e1/1b/ebf7d13d57fffccb2d5b7bbf609800ccf8ff09678a8a7ae6c0764b04b1c8/pyjson5-2.0.0-cp311-cp311-macosx_10_9_x86_64.whl", hash = "sha256:68f931934d736bfd0d9d9c666b9495a10807821c44a7c58069b2f6a12ceb47ae", size = 157385, upload-time = "2025-10-02T00:19:19.905Z" },
    { url = "https://files.pythonhosted.org/packages/29/7c/eb6fcb6e94075bea4ab56c50d1bfb8a66d43fdc2fb67001181928dd7ddb1/pyjson5-2.0.0-cp311-cp311-macosx_11_0_arm64.whl", hash = "sha256:47eda4d30024bfa8074a6f17145e55e60cf74a43215db99685fe6998cd0130aa", size = 151838, upload-time = "2025-10-02T00:19:20.91Z" },
    { url = "https://files.pythonhosted.org/packages/c2/7c/478456b8683bc3d964cf1ca060188b1d4bc03d01548d1449d033542aee91/pyjson5-2.0.0-cp311-cp311-manylinux1_i686.manylinux_2_28_i686.manylinux_2_5_i686.whl", hash = "sha256:5cc27c08bf33c7be0622ada8ff6dc7aa203287d1e585e343e90d2f2c19f31977", size = 192102, upload-time = "2025-10-02T00:19:22.238Z" },
    { url = "https://files.pythonhosted.org/packages/0f/17/bce2b2641aa140c761807d50cf30a7e09c53d0bd8737bf63dada0e8613f4/pyjson5-2.0.0-cp311-cp311-manylinux2014_aarch64.manylinux_2_17_aarch64.manylinux_2_28_aarch64.whl", hash = "sha256:b3af072ff4cb1046c17d6108fd01f4c39519c95e8aa5b2084fd6fea57379eafc", size = 176766, upload-time = "2025-10-02T00:19:23.181Z" },
    { url = "https://files.pythonhosted.org/packages/30/61/7e51cd104e4514edd21b6e0c7e841da14ba80d3372d028b62719d8cb3f9e/pyjson5-2.0.0-cp311-cp311-manylinux2014_armv7l.manylinux_2_17_armv7l.manylinux_2_31_armv7l.whl", hash = "sha256:eec8b9067aa041a177a07596c8e800e7616e5ad87ce97836c3489f977231dc1a", size = 170313, upload-time = "2025-10-02T00:19:24.602Z" },
    { url = "https://files.pythonhosted.org/packages/7e/7e/2398eeffafc924809d4a708588f7f697398ca095b6c399849bfd0867780a/pyjson5-2.0.0-cp311-cp311-manylinux2014_ppc64le.manylinux_2_17_ppc64le.manylinux_2_28_ppc64le.whl", hash = "sha256:e91417ead40a468698d0eb6654685986c03afc53290b8dd58d51f28803451506", size = 196097, upload-time = "2025-10-02T00:19:25.536Z" },
    { url = "https://files.pythonhosted.org/packages/98/70/550d7d634e46a71bf00b93ec2c4a8a7d63f9629e1a5117cbf249995c0e3a/pyjson5-2.0.0-cp311-cp311-manylinux2014_s390x.manylinux_2_17_s390x.manylinux_2_28_s390x.whl", hash = "sha256:023466521ce06f314979589fcd7fa01cdcff4d7a0cd32d1545ca0d566bca7761", size = 198474, upload-time = "2025-10-02T00:19:26.495Z" },
    { url = "https://files.pythonhosted.org/packages/0f/3c/e4ef8f3ef83254de96aba69f24fa613bc1277cf34802c6b4e82cc311121f/pyjson5-2.0.0-cp311-cp311-manylinux2014_x86_64.manylinux_2_17_x86_64.manylinux_2_28_x86_64.whl", hash = "sha256:913488fb34610b900bef4244bf99d8585b3d1431a7ba28d9538fb6b3bc34150c", size = 186299, upload-time = "2025-10-02T00:19:27.525Z" },
    { url = "https://files.pythonhosted.org/packages/e7/35/60c473c7970e4239149e7e4dcf7b10ca8712779e47be47b9d9fd076e54ea/pyjson5-2.0.0-cp311-cp311-manylinux_2_31_riscv64.manylinux_2_39_riscv64.whl", hash = "sha256:e25ca44bcb3ce47938d739c5b2bbecdefca919132b7f46a3f57a6d06a38c02f0", size = 185624, upload-time = "2025-10-02T00:19:28.532Z" },
    { url = "https://files.pythonhosted.org/packages/b5/15/876e53cc43c98ff036c05c90fa8a9ccbf704478a69ffc6efe2c9f898bf77/pyjson5-2.0.0-cp311-cp311-musllinux_1_2_aarch64.whl", hash = "sha256:c3192eaf57cd17c367dd1726354e992c10dfb810b4c2b87284f55f00840b2245", size = 1158339, upload-time = "2025-10-02T00:19:30.089Z" },
    { url = "https://files.pythonhosted.org/packages/82/57/2ef4f05a29c04ae1beceae2739b3428bca064f963758284b1633fccc5190/pyjson5-2.0.0-cp311-cp311-musllinux_1_2_armv7l.whl", hash = "sha256:6ecc3f3216aa9795a80836a1f206fc87c4d2d71f0d90228ff10f1f55b16f72c2", size = 1013974, upload-time = "2025-10-02T00:19:31.486Z" },
    { url = "https://files.pythonhosted.org/packages/fb/9a/28b8655c6c6715e15c20ab98574a793f6b3435badd0ddf67ba3ea1bd420c/pyjson5-2.0.0-cp311-cp311-musllinux_1_2_i686.whl", hash = "sha256:0e9f21938060afe6f6cd64e76f2f4849c22a7aa61ee794e9885b0a760064deb4", size = 1329463, upload-time = "2025-10-02T00:19:32.824Z" },
    { url = "https://files.pythonhosted.org/packages/6a/6a/e427b03a02ff45cc7432a7d1e16066512321f643457039c2b955449f4148/pyjson5-2.0.0-cp311-cp311-musllinux_1_2_ppc64le.whl", hash = "sha256:78133797816d47780b25a1cf55e66ee9cd3e00a9e3abae66040fb975c39b1d23", size = 1255206, upload-time = "2025-10-02T00:19:34.778Z" },
    { url = "https://files.pythonhosted.org/packages/28/2b/d2b4a3137842de3ba66195fa5e3da96ac8c93790c77a8d76b1d30245b327/pyjson5-2.0.0-cp311-cp311-musllinux_1_2_riscv64.whl", hash = "sha256:19d7dfb9d5d32839e1b77506c6b8023f83c72f531e2d6248400ca832efdb2349", size = 1190884, upload-time = "2025-10-02T00:19:36.24Z" },
    { url = "https://files.pythonhosted.org/packages/7c/6a/e590e10b7e9f145d0e7b02fde0b0b3ffec45998fc7d454e5c64f98aff6d5/pyjson5-2.0.0-cp311-cp311-musllinux_1_2_s390x.whl", hash = "sha256:95012228c10803512f515e70af06ec11a8621ce3742226ba507ebf6e91020d8d", size = 1367769, upload-time = "2025-10-02T00:19:37.74Z" },
    { url = "https://files.pythonhosted.org/packages/df/3b/705305653470ef31f177ba8f70df6d5d85858e2f2bf3df7624a1c454b7cb/pyjson5-2.0.0-cp311-cp311-musllinux_1_2_x86_64.whl", hash = "sha256:4facf0fc1bcdd7d57308bbc3dfa2ad0498c8e4d76672c35f1e7976f02d3f7df8", size = 1219001, upload-time = "2025-10-02T00:19:39.586Z" },
    { url = "https://files.pythonhosted.org/packages/ca/b9/1a072afcfba936d3dabc9db08d18ca3aec03b82002be7b1d6d781019b317/pyjson5-2.0.0-cp311-cp311-win32.whl", hash = "sha256:6fb1bba20ebd3a0b26bca5ee906757a9d82652ca31730d40cd921b88245ec780", size = 114294, upload-time = "2025-10-02T00:19:41.05Z" },
    { url = "https://files.pythonhosted.org/packages/28/4d/303b9ad667d7440cfd4a45c75408cb868281b60864b917b285aba668a6f3/pyjson5-2.0.0-cp311-cp311-win_amd64.whl", hash = "sha256:58b17386a96a308c8295e2c2a82526aefaa33ed2abaff84a916f90484b047cc4", size = 134665, upload-time = "2025-10-02T00:19:41.972Z" },
    { url = "https://files.pythonhosted.org/packages/8a/eb/29d8d48730b1ad0a6b3762190dd2c3f43c39f4f89e20be1b8c0015b24246/pyjson5-2.0.0-cp311-cp311-win_arm64.whl", hash = "sha256:4f4cde947ea68da7df8fb91b682491bcc0b916e3adb942febe866703853d8301", size = 117666, upload-time = "2025-10-02T00:19:42.861Z" },
]

[[package]]
name = "pytest"
version = "9.1.1"
source = { registry = "https://pypi.org/simple" }
dependencies = [
    { name = "colorama", marker = "sys_platform == 'win32'" },
    { name = "iniconfig" },
    { name = "packaging" },
    { name = "pluggy" },
    { name = "pygments" },
]
sdist = { url = "https://files.pythonhosted.org/packages/e4/47/b9efed96c114afcfa3c9d3fe98a76a1d14c74a9e266d397cf6eb64be5e01/pytest-9.1.1.tar.gz", hash = "sha256:1088fbde8f2b49d95a549a195707afa7a76a3ce9bcadc26b6d71f0ffda5fe313", size = 1636369, upload-time = "2026-06-19T10:58:32.857Z" }
wheels = [
    { url = "https://files.pythonhosted.org/packages/24/25/1de2678b631f5a49215c6c96fff41ba892b0a34df68d6d80292b1b48aa7f/pytest-9.1.1-py3-none-any.whl", hash = "sha256:37a86b45efb9a47a61a36449063e8e18d0cab3161329fc099eb21783169c4f0c", size = 386536, upload-time = "2026-06-19T10:58:31.347Z" },
]

[[package]]
name = "python-dateutil"
version = "2.9.0.post0"
source = { registry = "https://pypi.org/simple" }
dependencies = [
    { name = "six" },
]
sdist = { url = "https://files.pythonhosted.org/packages/66/c0/0c8b6ad9f17a802ee498c46e004a0eb49bc148f2fd230864601a86dcf6db/python-dateutil-2.9.0.post0.tar.gz", hash = "sha256:37dd54208da7e1cd875388217d5e00ebd4179249f90fb72437e91a35459a0ad3", size = 342432, upload-time = "2024-03-01T18:36:20.211Z" }
wheels = [
    { url = "https://files.pythonhosted.org/packages/ec/57/56b9bcc3c9c6a792fcbaf139543cee77261f3651ca9da0c93f5c1221264b/python_dateutil-2.9.0.post0-py2.py3-none-any.whl", hash = "sha256:a8b2bc7bffae282281c8140a97d3aa9c14da0b136dfe83f850eea9a5f7470427", size = 229892, upload-time = "2024-03-01T18:36:18.57Z" },
]

[[package]]
name = "six"
version = "1.17.0"
source = { registry = "https://pypi.org/simple" }
sdist = { url = "https://files.pythonhosted.org/packages/94/e7/b2c673351809dca68a0e064b6af791aa332cf192da575fd474ed7d6f16a2/six-1.17.0.tar.gz", hash = "sha256:ff70335d468e7eb6ec65b95b99d3a2836546063f63acc5171de367e834932a81", size = 34031, upload-time = "2024-12-04T17:35:28.174Z" }
wheels = [
    { url = "https://files.pythonhosted.org/packages/b7/ce/149a00dd41f10bc29e5921b496af8b574d8413afcd5e30dfa0ed46c2cc5e/six-1.17.0-py2.py3-none-any.whl", hash = "sha256:4721f391ed90541fddacab5acf947aa0d3dc7d27b2e1e8eda2be8970586c3274", size = 11050, upload-time = "2024-12-04T17:35:26.475Z" },
]

[[package]]
name = "usd-core"
version = "26.5"
source = { registry = "https://pypi.org/simple" }
wheels = [
    { url = "https://files.pythonhosted.org/packages/39/3a/adf7a4043e70974b84d3a572f928ffdd1176a070595cd17f028062622ade/usd_core-26.5-cp311-none-macosx_10_15_universal2.whl", hash = "sha256:b5416a108080311632b975da71b4ea480757ac6e7ea19b30bcd0eed6a3b6081f", size = 39723550, upload-time = "2026-04-24T20:17:32.975Z" },
    { url = "https://files.pythonhosted.org/packages/e2/7f/575b0ddc2a3effa1dc1f50ed67ae0def8f9ed961c69bfbb89a0a1c9ceaf8/usd_core-26.5-cp311-none-manylinux_2_27_x86_64.manylinux_2_28_x86_64.whl", hash = "sha256:60076c97f0de2611dc39d2d25826e3b22a2b0e391c73806b4a072d69929f329e", size = 28825210, upload-time = "2026-04-24T20:17:37.136Z" },
    { url = "https://files.pythonhosted.org/packages/9f/51/9fb7c817f1ee7aff02adde8ec4805ff4add06482e036fe0914ab8e9cdbc5/usd_core-26.5-cp311-none-win_amd64.whl", hash = "sha256:1ff2031095ecdc2f9ff4e245114e6ab7001f7dec8fe75436b5beb72e1a280f57", size = 13450734, upload-time = "2026-04-24T20:17:39.641Z" },
]
